
Microsoft Visual Studio Solution File, Format Version 12.00
# Visual Studio 15
VisualStudioVersion = 15.0.28307.421
MinimumVisualStudioVersion = 10.0.40219.1
Project("{9A19103F-16F7-4668-BE54-9A1E7A4F7556}") = "Api", "Api\Api.csproj", "{A369D72F-2EA6-45C2-8DE1-556ECBF3DF36}"
EndProject
Project("{9A19103F-16F7-4668-BE54-9A1E7A4F7556}") = "Data", "Data\Data.csproj", "{0AC8B018-BBF8-4624-985E-1EF5878206F1}"
EndProject
Project("{9A19103F-16F7-4668-BE54-9A1E7A4F7556}") = "Service", "Service\Service.csproj", "{A84228C2-4651-4514-9E61-E32C8A786021}"
EndProject
Global
	GlobalSection(SolutionConfigurationPlatforms) = preSolution
		Debug|Any CPU = Debug|Any CPU
		Release|Any CPU = Release|Any CPU
	EndGlobalSection
	GlobalSection(ProjectConfigurationPlatforms) = postSolution
		{A369D72F-2EA6-45C2-8DE1-556ECBF3DF36}.Debug|Any CPU.ActiveCfg = Debug|Any CPU
		{A369D72F-2EA6-45C2-8DE1-556ECBF3DF36}.Debug|Any CPU.Build.0 = Debug|Any CPU
		{A369D72F-2EA6-45C2-8DE1-556ECBF3DF36}.Release|Any CPU.ActiveCfg = Release|Any CPU
		{A369D72F-2EA6-45C2-8DE1-556ECBF3DF36}.Release|Any CPU.Build.0 = Release|Any CPU
		{0AC8B018-BBF8-4624-985E-1EF5878206F1}.Debug|Any CPU.ActiveCfg = Debug|Any CPU
		{0AC8B018-BBF8-4624-985E-1EF5878206F1}.Debug|Any CPU.Build.0 = Debug|Any CPU
		{0AC8B018-BBF8-4624-985E-1EF5878206F1}.Release|Any CPU.ActiveCfg = Release|Any CPU
		{0AC8B018-BBF8-4624-985E-1EF5878206F1}.Release|Any CPU.Build.0 = Release|Any CPU
		{A84228C2-4651-4514-9E61-E32C8A786021}.Debug|Any CPU.ActiveCfg = Debug|Any CPU
		{A84228C2-4651-4514-9E61-E32C8A786021}.Debug|Any CPU.Build.0 = Debug|Any CPU
		{A84228C2-4651-4514-9E61-E32C8A786021}.Release|Any CPU.ActiveCfg = Release|Any CPU
		{A84228C2-4651-4514-9E61-E32C8A786021}.Release|Any CPU.Build.0 = Release|Any CPU
	EndGlobalSection
	GlobalSection(SolutionProperties) = preSolution
		HideSolutionNode = FALSE
	EndGlobalSection
	GlobalSection(ExtensibilityGlobals) = postSolution
		SolutionGuid = {F1DA11C4-A64E-44F8-8C52-28BD4E132BD2}
	EndGlobalSection
EndGlobal
